
Microsoft Visual Studio Solution File, Format Version 12.00
# Visual Studio Version 17
VisualStudioVersion = 17.6.33815.320
MinimumVisualStudioVersion = 10.0.40219.1
Project("{FAE04EC0-301F-11D3-BF4B-00C04F79EFBC}") = "HesapMakineJS", "HesapMakineJS\HesapMakineJS.csproj", "{C1397AD1-6174-4AF7-BEA6-D23705EA3662}"
EndProject
Global
	GlobalSection(SolutionConfigurationPlatforms) = preSolution
		Debug|Any CPU = Debug|Any CPU
		Release|Any CPU = Release|Any CPU
	EndGlobalSection
	GlobalSection(ProjectConfigurationPlatforms) = postSolution
		{C1397AD1-6174-4AF7-BEA6-D23705EA3662}.Debug|Any CPU.ActiveCfg = Debug|Any CPU
		{C1397AD1-6174-4AF7-BEA6-D23705EA3662}.Debug|Any CPU.Build.0 = Debug|Any CPU
		{C1397AD1-6174-4AF7-BEA6-D23705EA3662}.Release|Any CPU.ActiveCfg = Release|Any CPU
		{C1397AD1-6174-4AF7-BEA6-D23705EA3662}.Release|Any CPU.Build.0 = Release|Any CPU
	EndGlobalSection
	GlobalSection(SolutionProperties) = preSolution
		HideSolutionNode = FALSE
	EndGlobalSection
	GlobalSection(ExtensibilityGlobals) = postSolution
		SolutionGuid = {7FC5270E-C40C-49E0-A445-4DAAFD2804FA}
	EndGlobalSection
EndGlobal
